
Microsoft Visual Studio Solution File, Format Version 12.00
# Visual Studio Version 16
VisualStudioVersion = 16.0.29519.87
MinimumVisualStudioVersion = 10.0.40219.1
Project("{FAE04EC0-301F-11D3-BF4B-00C04F79EFBC}") = "dialTEst", "dialTEst\dialTEst.csproj", "{BEADD5FE-4BD0-444F-B782-754AEC150E74}"
EndProject
Global
	GlobalSection(SolutionConfigurationPlatforms) = preSolution
		Debug|ARM = Debug|ARM
		Debug|ARM64 = Debug|ARM64
		Debug|x64 = Debug|x64
		Debug|x86 = Debug|x86
		Release|ARM = Release|ARM
		Release|ARM64 = Release|ARM64
		Release|x64 = Release|x64
		Release|x86 = Release|x86
	EndGlobalSection
	GlobalSection(ProjectConfigurationPlatforms) = postSolution
		{BEADD5FE-4BD0-444F-B782-754AEC150E74}.Debug|ARM.ActiveCfg = Debug|ARM
		{BEADD5FE-4BD0-444F-B782-754AEC150E74}.Debug|ARM.Build.0 = Debug|ARM
		{BEADD5FE-4BD0-444F-B782-754AEC150E74}.Debug|ARM.Deploy.0 = Debug|ARM
		{BEADD5FE-4BD0-444F-B782-754AEC150E74}.Debug|ARM64.ActiveCfg = Debug|ARM64
		{BEADD5FE-4BD0-444F-B782-754AEC150E74}.Debug|ARM64.Build.0 = Debug|ARM64
		{BEADD5FE-4BD0-444F-B782-754AEC150E74}.Debug|ARM64.Deploy.0 = Debug|ARM64
		{BEADD5FE-4BD0-444F-B782-754AEC150E74}.Debug|x64.ActiveCfg = Debug|x64
		{BEADD5FE-4BD0-444F-B782-754AEC150E74}.Debug|x64.Build.0 = Debug|x64
		{BEADD5FE-4BD0-444F-B782-754AEC150E74}.Debug|x64.Deploy.0 = Debug|x64
		{BEADD5FE-4BD0-444F-B782-754AEC150E74}.Debug|x86.ActiveCfg = Debug|x86
		{BEADD5FE-4BD0-444F-B782-754AEC150E74}.Debug|x86.Build.0 = Debug|x86
		{BEADD5FE-4BD0-444F-B782-754AEC150E74}.Debug|x86.Deploy.0 = Debug|x86
		{BEADD5FE-4BD0-444F-B782-754AEC150E74}.Release|ARM.ActiveCfg = Release|ARM
		{BEADD5FE-4BD0-444F-B782-754AEC150E74}.Release|ARM.Build.0 = Release|ARM
		{BEADD5FE-4BD0-444F-B782-754AEC150E74}.Release|ARM.Deploy.0 = Release|ARM
		{BEADD5FE-4BD0-444F-B782-754AEC150E74}.Release|ARM64.ActiveCfg = Release|ARM64
		{BEADD5FE-4BD0-444F-B782-754AEC150E74}.Release|ARM64.Build.0 = Release|ARM64
		{BEADD5FE-4BD0-444F-B782-754AEC150E74}.Release|ARM64.Deploy.0 = Release|ARM64
		{BEADD5FE-4BD0-444F-B782-754AEC150E74}.Release|x64.ActiveCfg = Release|x64
		{BEADD5FE-4BD0-444F-B782-754AEC150E74}.Release|x64.Build.0 = Release|x64
		{BEADD5FE-4BD0-444F-B782-754AEC150E74}.Release|x64.Deploy.0 = Release|x64
		{BEADD5FE-4BD0-444F-B782-754AEC150E74}.Release|x86.ActiveCfg = Release|x86
		{BEADD5FE-4BD0-444F-B782-754AEC150E74}.Release|x86.Build.0 = Release|x86
		{BEADD5FE-4BD0-444F-B782-754AEC150E74}.Release|x86.Deploy.0 = Release|x86
	EndGlobalSection
	GlobalSection(SolutionProperties) = preSolution
		HideSolutionNode = FALSE
	EndGlobalSection
	GlobalSection(ExtensibilityGlobals) = postSolution
		SolutionGuid = {AD9BCC6E-DF60-42A8-99AD-13969C08C9E8}
	EndGlobalSection
EndGlobal
